// !$*UTF8*$!
{
	archiveVersion = 1;
	classes = {
	};
	objectVersion = 50;
	objects = {

/* Begin PBXBuildFile section */
		DB207A3DC164803FCDEB26B0 /* Pods_SmartPlantsApp.framework in Frameworks */ = {isa = PBXBuildFile; fileRef = 349CBA60775EDA8165871A58 /* Pods_SmartPlantsApp.framework */; };
		F88ADA7622729046007595CD /* AppDelegate.swift in Sources */ = {isa = PBXBuildFile; fileRef = F88ADA7522729046007595CD /* AppDelegate.swift */; };
		F88ADA7B22729046007595CD /* Main.storyboard in Resources */ = {isa = PBXBuildFile; fileRef = F88ADA7922729046007595CD /* Main.storyboard */; };
		F88ADA7D22729047007595CD /* Assets.xcassets in Resources */ = {isa = PBXBuildFile; fileRef = F88ADA7C22729047007595CD /* Assets.xcassets */; };
		F88ADA8022729047007595CD /* LaunchScreen.storyboard in Resources */ = {isa = PBXBuildFile; fileRef = F88ADA7E22729047007595CD /* LaunchScreen.storyboard */; };
		F88ADA8C2274D0A9007595CD /* GoogleService-Info.plist in Resources */ = {isa = PBXBuildFile; fileRef = F88ADA8B2274D0A9007595CD /* GoogleService-Info.plist */; };
		F88ADA8E2274D15E007595CD /* TemperatureDisplayViewController.swift in Sources */ = {isa = PBXBuildFile; fileRef = F88ADA8D2274D15E007595CD /* TemperatureDisplayViewController.swift */; };
		F88ADA902274D312007595CD /* CreateAccountViewController.swift in Sources */ = {isa = PBXBuildFile; fileRef = F88ADA8F2274D312007595CD /* CreateAccountViewController.swift */; };
		F88ADA922274D32A007595CD /* ForgotPasswordViewController.swift in Sources */ = {isa = PBXBuildFile; fileRef = F88ADA912274D32A007595CD /* ForgotPasswordViewController.swift */; };
		F88ADA942274D334007595CD /* LogInViewController.swift in Sources */ = {isa = PBXBuildFile; fileRef = F88ADA932274D334007595CD /* LogInViewController.swift */; };
		F88ADA962274D544007595CD /* Home.swift in Sources */ = {isa = PBXBuildFile; fileRef = F88ADA952274D544007595CD /* Home.swift */; };
		F8D0859B2275B6B0004E310D /* SoilHumidityViewController.swift in Sources */ = {isa = PBXBuildFile; fileRef = F8D0859A2275B6B0004E310D /* SoilHumidityViewController.swift */; };
		F8D0859D2275B7B3004E310D /* SoilMoistureViewController.swift in Sources */ = {isa = PBXBuildFile; fileRef = F8D0859C2275B7B3004E310D /* SoilMoistureViewController.swift */; };
		F8D26C792274E42B00B1E261 /* SetUpPlantViewController.swift in Sources */ = {isa = PBXBuildFile; fileRef = F8D26C782274E42B00B1E261 /* SetUpPlantViewController.swift */; };
		F8D26C80227509EE00B1E261 /* CurrentReadingsViewController.swift in Sources */ = {isa = PBXBuildFile; fileRef = F8D26C7F227509EE00B1E261 /* CurrentReadingsViewController.swift */; };
		F8D26C8222752B5800B1E261 /* PlantsTableViewController.swift in Sources */ = {isa = PBXBuildFile; fileRef = F8D26C8122752B5800B1E261 /* PlantsTableViewController.swift */; };
/* End PBXBuildFile section */

/* Begin PBXFileReference section */
		2EB1FCCB665DDFC988F8A360 /* Pods-SmartPlantsApp.debug.xcconfig */ = {isa = PBXFileReference; includeInIndex = 1; lastKnownFileType = text.xcconfig; name = "Pods-SmartPlantsApp.debug.xcconfig"; path = "Target Support Files/Pods-SmartPlantsApp/Pods-SmartPlantsApp.debug.xcconfig"; sourceTree = "<group>"; };
		349CBA60775EDA8165871A58 /* Pods_SmartPlantsApp.framework */ = {isa = PBXFileReference; explicitFileType = wrapper.framework; includeInIndex = 0; path = Pods_SmartPlantsApp.framework; sourceTree = BUILT_PRODUCTS_DIR; };
		8C11D0C38985083D3B6DF872 /* Pods-SmartPlantsApp.release.xcconfig */ = {isa = PBXFileReference; includeInIndex = 1; lastKnownFileType = text.xcconfig; name = "Pods-SmartPlantsApp.release.xcconfig"; path = "Target Support Files/Pods-SmartPlantsApp/Pods-SmartPlantsApp.release.xcconfig"; sourceTree = "<group>"; };
		F88ADA7222729045007595CD /* SmartPlantsApp.app */ = {isa = PBXFileReference; explicitFileType = wrapper.application; includeInIndex = 0; path = SmartPlantsApp.app; sourceTree = BUILT_PRODUCTS_DIR; };
		F88ADA7522729046007595CD /* AppDelegate.swift */ = {isa = PBXFileReference; lastKnownFileType = sourcecode.swift; path = AppDelegate.swift; sourceTree = "<group>"; };
		F88ADA7A22729046007595CD /* Base */ = {isa = PBXFileReference; lastKnownFileType = file.storyboard; name = Base; path = Base.lproj/Main.storyboard; sourceTree = "<group>"; };
		F88ADA7C22729047007595CD /* Assets.xcassets */ = {isa = PBXFileReference; lastKnownFileType = folder.assetcatalog; path = Assets.xcassets; sourceTree = "<group>"; };
		F88ADA7F22729047007595CD /* Base */ = {isa = PBXFileReference; lastKnownFileType = file.storyboard; name = Base; path = Base.lproj/LaunchScreen.storyboard; sourceTree = "<group>"; };
		F88ADA8122729047007595CD /* Info.plist */ = {isa = PBXFileReference; lastKnownFileType = text.plist.xml; path = Info.plist; sourceTree = "<group>"; };
		F88ADA8B2274D0A9007595CD /* GoogleService-Info.plist */ = {isa = PBXFileReference; fileEncoding = 4; lastKnownFileType = text.plist.xml; name = "GoogleService-Info.plist"; path = "../../../../Downloads/GoogleService-Info.plist"; sourceTree = "<group>"; };
		F88ADA8D2274D15E007595CD /* TemperatureDisplayViewController.swift */ = {isa = PBXFileReference; lastKnownFileType = sourcecode.swift; path = TemperatureDisplayViewController.swift; sourceTree = "<group>"; };
		F88ADA8F2274D312007595CD /* CreateAccountViewController.swift */ = {isa = PBXFileReference; lastKnownFileType = sourcecode.swift; path = CreateAccountViewController.swift; sourceTree = "<group>"; };
		F88ADA912274D32A007595CD /* ForgotPasswordViewController.swift */ = {isa = PBXFileReference; lastKnownFileType = sourcecode.swift; path = ForgotPasswordViewController.swift; sourceTree = "<group>"; };
		F88ADA932274D334007595CD /* LogInViewController.swift */ = {isa = PBXFileReference; lastKnownFileType = sourcecode.swift; path = LogInViewController.swift; sourceTree = "<group>"; };
		F88ADA952274D544007595CD /* Home.swift */ = {isa = PBXFileReference; lastKnownFileType = sourcecode.swift; path = Home.swift; sourceTree = "<group>"; };
		F8D0859A2275B6B0004E310D /* SoilHumidityViewController.swift */ = {isa = PBXFileReference; lastKnownFileType = sourcecode.swift; path = SoilHumidityViewController.swift; sourceTree = "<group>"; };
		F8D0859C2275B7B3004E310D /* SoilMoistureViewController.swift */ = {isa = PBXFileReference; lastKnownFileType = sourcecode.swift; path = SoilMoistureViewController.swift; sourceTree = "<group>"; };
		F8D26C782274E42B00B1E261 /* SetUpPlantViewController.swift */ = {isa = PBXFileReference; lastKnownFileType = sourcecode.swift; path = SetUpPlantViewController.swift; sourceTree = "<group>"; };
		F8D26C7F227509EE00B1E261 /* CurrentReadingsViewController.swift */ = {isa = PBXFileReference; lastKnownFileType = sourcecode.swift; path = CurrentReadingsViewController.swift; sourceTree = "<group>"; };
		F8D26C8122752B5800B1E261 /* PlantsTableViewController.swift */ = {isa = PBXFileReference; lastKnownFileType = sourcecode.swift; path = PlantsTableViewController.swift; sourceTree = "<group>"; };
/* End PBXFileReference section */

/* Begin PBXFrameworksBuildPhase section */
		F88ADA6F22729045007595CD /* Frameworks */ = {
			isa = PBXFrameworksBuildPhase;
			buildActionMask = 2147483647;
			files = (
				DB207A3DC164803FCDEB26B0 /* Pods_SmartPlantsApp.framework in Frameworks */,
			);
			runOnlyForDeploymentPostprocessing = 0;
		};
/* End PBXFrameworksBuildPhase section */

/* Begin PBXGroup section */
		851D41D4450B86E7DA3355CE /* Pods */ = {
			isa = PBXGroup;
			children = (
				2EB1FCCB665DDFC988F8A360 /* Pods-SmartPlantsApp.debug.xcconfig */,
				8C11D0C38985083D3B6DF872 /* Pods-SmartPlantsApp.release.xcconfig */,
			);
			path = Pods;
			sourceTree = "<group>";
		};
		F88ADA6922729045007595CD = {
			isa = PBXGroup;
			children = (
				F88ADA7422729045007595CD /* SmartPlantsApp */,
				F88ADA7322729045007595CD /* Products */,
				851D41D4450B86E7DA3355CE /* Pods */,
				FF74088F5737801B9696DDC4 /* Frameworks */,
			);
			sourceTree = "<group>";
		};
		F88ADA7322729045007595CD /* Products */ = {
			isa = PBXGroup;
			children = (
				F88ADA7222729045007595CD /* SmartPlantsApp.app */,
			);
			name = Products;
			sourceTree = "<group>";
		};
		F88ADA7422729045007595CD /* SmartPlantsApp */ = {
			isa = PBXGroup;
			children = (
				F88ADA7522729046007595CD /* AppDelegate.swift */,
				F8D26C7D2274FC6800B1E261 /* Auth */,
				F8D26C782274E42B00B1E261 /* SetUpPlantViewController.swift */,
				F8D26C8122752B5800B1E261 /* PlantsTableViewController.swift */,
				F8D26C8D2275568900B1E261 /* VitalsTabs */,
				F8D26C7E2275070000B1E261 /* Base */,
				F88ADA7C22729047007595CD /* Assets.xcassets */,
				F88ADA8B2274D0A9007595CD /* GoogleService-Info.plist */,
				F88ADA8122729047007595CD /* Info.plist */,
			);
			path = SmartPlantsApp;
			sourceTree = "<group>";
		};
		F8D26C7D2274FC6800B1E261 /* Auth */ = {
			isa = PBXGroup;
			children = (
				F88ADA952274D544007595CD /* Home.swift */,
				F88ADA8F2274D312007595CD /* CreateAccountViewController.swift */,
				F88ADA912274D32A007595CD /* ForgotPasswordViewController.swift */,
				F88ADA932274D334007595CD /* LogInViewController.swift */,
			);
			path = Auth;
			sourceTree = "<group>";
		};
		F8D26C7E2275070000B1E261 /* Base */ = {
			isa = PBXGroup;
			children = (
				F88ADA7922729046007595CD /* Main.storyboard */,
				F88ADA7E22729047007595CD /* LaunchScreen.storyboard */,
			);
			path = Base;
			sourceTree = "<group>";
		};
		F8D26C8D2275568900B1E261 /* VitalsTabs */ = {
			isa = PBXGroup;
			children = (
				F8D26C7F227509EE00B1E261 /* CurrentReadingsViewController.swift */,
				F88ADA8D2274D15E007595CD /* TemperatureDisplayViewController.swift */,
				F8D0859A2275B6B0004E310D /* SoilHumidityViewController.swift */,
				F8D0859C2275B7B3004E310D /* SoilMoistureViewController.swift */,
			);
			path = VitalsTabs;
			sourceTree = "<group>";
		};
		FF74088F5737801B9696DDC4 /* Frameworks */ = {
			isa = PBXGroup;
			children = (
				349CBA60775EDA8165871A58 /* Pods_SmartPlantsApp.framework */,
			);
			name = Frameworks;
			sourceTree = "<group>";
		};
/* End PBXGroup section */

/* Begin PBXNativeTarget section */
		F88ADA7122729045007595CD /* SmartPlantsApp */ = {
			isa = PBXNativeTarget;
			buildConfigurationList = F88ADA8422729047007595CD /* Build configuration list for PBXNativeTarget "SmartPlantsApp" */;
			buildPhases = (
				5CC82B02601E54A3CB5AE92F /* [CP] Check Pods Manifest.lock */,
				F88ADA6E22729045007595CD /* Sources */,
				F88ADA6F22729045007595CD /* Frameworks */,
				F88ADA7022729045007595CD /* Resources */,
				532E34D863F17024B9324D5F /* [CP] Embed Pods Frameworks */,
			);
			buildRules = (
			);
			dependencies = (
			);
			name = SmartPlantsApp;
			productName = SmartPlantsApp;
			productReference = F88ADA7222729045007595CD /* SmartPlantsApp.app */;
			productType = "com.apple.product-type.application";
		};
/* End PBXNativeTarget section */

/* Begin PBXProject section */
		F88ADA6A22729045007595CD /* Project object */ = {
			isa = PBXProject;
			attributes = {
				LastSwiftUpdateCheck = 1010;
				LastUpgradeCheck = 1010;
				ORGANIZATIONNAME = "Anish Palvai";
				TargetAttributes = {
					F88ADA7122729045007595CD = {
						CreatedOnToolsVersion = 10.1;
					};
				};
			};
			buildConfigurationList = F88ADA6D22729045007595CD /* Build configuration list for PBXProject "SmartPlantsApp" */;
			compatibilityVersion = "Xcode 9.3";
			developmentRegion = en;
			hasScannedForEncodings = 0;
			knownRegions = (
				en,
				Base,
			);
			mainGroup = F88ADA6922729045007595CD;
			productRefGroup = F88ADA7322729045007595CD /* Products */;
			projectDirPath = "";
			projectRoot = "";
			targets = (
				F88ADA7122729045007595CD /* SmartPlantsApp */,
			);
		};
/* End PBXProject section */

/* Begin PBXResourcesBuildPhase section */
		F88ADA7022729045007595CD /* Resources */ = {
			isa = PBXResourcesBuildPhase;
			buildActionMask = 2147483647;
			files = (
				F88ADA8022729047007595CD /* LaunchScreen.storyboard in Resources */,
				F88ADA8C2274D0A9007595CD /* GoogleService-Info.plist in Resources */,
				F88ADA7D22729047007595CD /* Assets.xcassets in Resources */,
				F88ADA7B22729046007595CD /* Main.storyboard in Resources */,
			);
			runOnlyForDeploymentPostprocessing = 0;
		};
/* End PBXResourcesBuildPhase section */

/* Begin PBXShellScriptBuildPhase section */
		532E34D863F17024B9324D5F /* [CP] Embed Pods Frameworks */ = {
			isa = PBXShellScriptBuildPhase;
			buildActionMask = 2147483647;
			files = (
			);
			inputFileListPaths = (
			);
			inputPaths = (
				"${PODS_ROOT}/Target Support Files/Pods-SmartPlantsApp/Pods-SmartPlantsApp-frameworks.sh",
				"${BUILT_PRODUCTS_DIR}/BoringSSL-GRPC/openssl_grpc.framework",
				"${BUILT_PRODUCTS_DIR}/Charts/Charts.framework",
				"${BUILT_PRODUCTS_DIR}/GTMSessionFetcher/GTMSessionFetcher.framework",
				"${BUILT_PRODUCTS_DIR}/GoogleUtilities/GoogleUtilities.framework",
				"${BUILT_PRODUCTS_DIR}/IQKeyboardManagerSwift/IQKeyboardManagerSwift.framework",
				"${BUILT_PRODUCTS_DIR}/Protobuf/Protobuf.framework",
				"${BUILT_PRODUCTS_DIR}/SVProgressHUD/SVProgressHUD.framework",
				"${BUILT_PRODUCTS_DIR}/gRPC-C++/grpcpp.framework",
				"${BUILT_PRODUCTS_DIR}/gRPC-Core/grpc.framework",
				"${BUILT_PRODUCTS_DIR}/leveldb-library/leveldb.framework",
				"${BUILT_PRODUCTS_DIR}/nanopb/nanopb.framework",
			);
			name = "[CP] Embed Pods Frameworks";
			outputFileListPaths = (
			);
			outputPaths = (
				"${TARGET_BUILD_DIR}/${FRAMEWORKS_FOLDER_PATH}/openssl_grpc.framework",
				"${TARGET_BUILD_DIR}/${FRAMEWORKS_FOLDER_PATH}/Charts.framework",
				"${TARGET_BUILD_DIR}/${FRAMEWORKS_FOLDER_PATH}/GTMSessionFetcher.framework",
				"${TARGET_BUILD_DIR}/${FRAMEWORKS_FOLDER_PATH}/GoogleUtilities.framework",
				"${TARGET_BUILD_DIR}/${FRAMEWORKS_FOLDER_PATH}/IQKeyboardManagerSwift.framework",
				"${TARGET_BUILD_DIR}/${FRAMEWORKS_FOLDER_PATH}/Protobuf.framework",
				"${TARGET_BUILD_DIR}/${FRAMEWORKS_FOLDER_PATH}/SVProgressHUD.framework",
				"${TARGET_BUILD_DIR}/${FRAMEWORKS_FOLDER_PATH}/grpcpp.framework",
				"${TARGET_BUILD_DIR}/${FRAMEWORKS_FOLDER_PATH}/grpc.framework",
				"${TARGET_BUILD_DIR}/${FRAMEWORKS_FOLDER_PATH}/leveldb.framework",
				"${TARGET_BUILD_DIR}/${FRAMEWORKS_FOLDER_PATH}/nanopb.framework",
			);
			runOnlyForDeploymentPostprocessing = 0;
			shellPath = /bin/sh;
			shellScript = "\"${PODS_ROOT}/Target Support Files/Pods-SmartPlantsApp/Pods-SmartPlantsApp-frameworks.sh\"\n";
			showEnvVarsInLog = 0;
		};
		5CC82B02601E54A3CB5AE92F /* [CP] Check Pods Manifest.lock */ = {
			isa = PBXShellScriptBuildPhase;
			buildActionMask = 2147483647;
			files = (
			);
			inputFileListPaths = (
			);
			inputPaths = (
				"${PODS_PODFILE_DIR_PATH}/Podfile.lock",
				"${PODS_ROOT}/Manifest.lock",
			);
			name = "[CP] Check Pods Manifest.lock";
			outputFileListPaths = (
			);
			outputPaths = (
				"$(DERIVED_FILE_DIR)/Pods-SmartPlantsApp-checkManifestLockResult.txt",
			);
			runOnlyForDeploymentPostprocessing = 0;
			shellPath = /bin/sh;
			shellScript = "diff \"${PODS_PODFILE_DIR_PATH}/Podfile.lock\" \"${PODS_ROOT}/Manifest.lock\" > /dev/null\nif [ $? != 0 ] ; then\n    # print error to STDERR\n    echo \"error: The sandbox is not in sync with the Podfile.lock. Run 'pod install' or update your CocoaPods installation.\" >&2\n    exit 1\nfi\n# This output is used by Xcode 'outputs' to avoid re-running this script phase.\necho \"SUCCESS\" > \"${SCRIPT_OUTPUT_FILE_0}\"\n";
			showEnvVarsInLog = 0;
		};
/* End PBXShellScriptBuildPhase section */

/* Begin PBXSourcesBuildPhase section */
		F88ADA6E22729045007595CD /* Sources */ = {
			isa = PBXSourcesBuildPhase;
			buildActionMask = 2147483647;
			files = (
				F8D0859B2275B6B0004E310D /* SoilHumidityViewController.swift in Sources */,
				F88ADA922274D32A007595CD /* ForgotPasswordViewController.swift in Sources */,
				F88ADA902274D312007595CD /* CreateAccountViewController.swift in Sources */,
				F88ADA8E2274D15E007595CD /* TemperatureDisplayViewController.swift in Sources */,
				F88ADA942274D334007595CD /* LogInViewController.swift in Sources */,
				F8D26C8222752B5800B1E261 /* PlantsTableViewController.swift in Sources */,
				F8D26C792274E42B00B1E261 /* SetUpPlantViewController.swift in Sources */,
				F8D0859D2275B7B3004E310D /* SoilMoistureViewController.swift in Sources */,
				F8D26C80227509EE00B1E261 /* CurrentReadingsViewController.swift in Sources */,
				F88ADA962274D544007595CD /* Home.swift in Sources */,
				F88ADA7622729046007595CD /* AppDelegate.swift in Sources */,
			);
			runOnlyForDeploymentPostprocessing = 0;
		};
/* End PBXSourcesBuildPhase section */

/* Begin PBXVariantGroup section */
		F88ADA7922729046007595CD /* Main.storyboard */ = {
			isa = PBXVariantGroup;
			children = (
				F88ADA7A22729046007595CD /* Base */,
			);
			name = Main.storyboard;
			sourceTree = "<group>";
		};
		F88ADA7E22729047007595CD /* LaunchScreen.storyboard */ = {
			isa = PBXVariantGroup;
			children = (
				F88ADA7F22729047007595CD /* Base */,
			);
			name = LaunchScreen.storyboard;
			sourceTree = "<group>";
		};
/* End PBXVariantGroup section */

/* Begin XCBuildConfiguration section */
		F88ADA8222729047007595CD /* Debug */ = {
			isa = XCBuildConfiguration;
			buildSettings = {
				ALWAYS_SEARCH_USER_PATHS = NO;
				CLANG_ANALYZER_NONNULL = YES;
				CLANG_ANALYZER_NUMBER_OBJECT_CONVERSION = YES_AGGRESSIVE;
				CLANG_CXX_LANGUAGE_STANDARD = "gnu++14";
				CLANG_CXX_LIBRARY = "libc++";
				CLANG_ENABLE_MODULES = YES;
				CLANG_ENABLE_OBJC_ARC = YES;
				CLANG_ENABLE_OBJC_WEAK = YES;
				CLANG_WARN_BLOCK_CAPTURE_AUTORELEASING = YES;
				CLANG_WARN_BOOL_CONVERSION = YES;
				CLANG_WARN_COMMA = YES;
				CLANG_WARN_CONSTANT_CONVERSION = YES;
				CLANG_WARN_DEPRECATED_OBJC_IMPLEMENTATIONS = YES;
				CLANG_WARN_DIRECT_OBJC_ISA_USAGE = YES_ERROR;
				CLANG_WARN_DOCUMENTATION_COMMENTS = YES;
				CLANG_WARN_EMPTY_BODY = YES;
				CLANG_WARN_ENUM_CONVERSION = YES;
				CLANG_WARN_INFINITE_RECURSION = YES;
				CLANG_WARN_INT_CONVERSION = YES;
				CLANG_WARN_NON_LITERAL_NULL_CONVERSION = YES;
				CLANG_WARN_OBJC_IMPLICIT_RETAIN_SELF = YES;
				CLANG_WARN_OBJC_LITERAL_CONVERSION = YES;
				CLANG_WARN_OBJC_ROOT_CLASS = YES_ERROR;
				CLANG_WARN_RANGE_LOOP_ANALYSIS = YES;
				CLANG_WARN_STRICT_PROTOTYPES = YES;
				CLANG_WARN_SUSPICIOUS_MOVE = YES;
				CLANG_WARN_UNGUARDED_AVAILABILITY = YES_AGGRESSIVE;
				CLANG_WARN_UNREACHABLE_CODE = YES;
				CLANG_WARN__DUPLICATE_METHOD_MATCH = YES;
				CODE_SIGN_IDENTITY = "iPhone Developer";
				COPY_PHASE_STRIP = NO;
				DEBUG_INFORMATION_FORMAT = dwarf;
				ENABLE_STRICT_OBJC_MSGSEND = YES;
				ENABLE_TESTABILITY = YES;
				GCC_C_LANGUAGE_STANDARD = gnu11;
				GCC_DYNAMIC_NO_PIC = NO;
				GCC_NO_COMMON_BLOCKS = YES;
				GCC_OPTIMIZATION_LEVEL = 0;
				GCC_PREPROCESSOR_DEFINITIONS = (
					"DEBUG=1",
					"$(inherited)",
				);
				GCC_WARN_64_TO_32_BIT_CONVERSION = YES;
				GCC_WARN_ABOUT_RETURN_TYPE = YES_ERROR;
				GCC_WARN_UNDECLARED_SELECTOR = YES;
				GCC_WARN_UNINITIALIZED_AUTOS = YES_AGGRESSIVE;
				GCC_WARN_UNUSED_FUNCTION = YES;
				GCC_WARN_UNUSED_VARIABLE = YES;
				IPHONEOS_DEPLOYMENT_TARGET = 12.1;
				MTL_ENABLE_DEBUG_INFO = INCLUDE_SOURCE;
				MTL_FAST_MATH = YES;
				ONLY_ACTIVE_ARCH = YES;
				SDKROOT = iphoneos;
				SWIFT_ACTIVE_COMPILATION_CONDITIONS = DEBUG;
				SWIFT_OPTIMIZATION_LEVEL = "-Onone";
			};
			name = Debug;
		};
		F88ADA8322729047007595CD /* Release */ = {
			isa = XCBuildConfiguration;
			buildSettings = {
				ALWAYS_SEARCH_USER_PATHS = NO;
				CLANG_ANALYZER_NONNULL = YES;
				CLANG_ANALYZER_NUMBER_OBJECT_CONVERSION = YES_AGGRESSIVE;
				CLANG_CXX_LANGUAGE_STANDARD = "gnu++14";
				CLANG_CXX_LIBRARY = "libc++";
				CLANG_ENABLE_MODULES = YES;
				CLANG_ENABLE_OBJC_ARC = YES;
				CLANG_ENABLE_OBJC_WEAK = YES;
				CLANG_WARN_BLOCK_CAPTURE_AUTORELEASING = YES;
				CLANG_WARN_BOOL_CONVERSION = YES;
				CLANG_WARN_COMMA = YES;
				CLANG_WARN_CONSTANT_CONVERSION = YES;
				CLANG_WARN_DEPRECATED_OBJC_IMPLEMENTATIONS = YES;
				CLANG_WARN_DIRECT_OBJC_ISA_USAGE = YES_ERROR;
				CLANG_WARN_DOCUMENTATION_COMMENTS = YES;
				CLANG_WARN_EMPTY_BODY = YES;
				CLANG_WARN_ENUM_CONVERSION = YES;
				CLANG_WARN_INFINITE_RECURSION = YES;
				CLANG_WARN_INT_CONVERSION = YES;
				CLANG_WARN_NON_LITERAL_NULL_CONVERSION = YES;
				CLANG_WARN_OBJC_IMPLICIT_RETAIN_SELF = YES;
				CLANG_WARN_OBJC_LITERAL_CONVERSION = YES;
				CLANG_WARN_OBJC_ROOT_CLASS = YES_ERROR;
				CLANG_WARN_RANGE_LOOP_ANALYSIS = YES;
				CLANG_WARN_STRICT_PROTOTYPES = YES;
				CLANG_WARN_SUSPICIOUS_MOVE = YES;
				CLANG_WARN_UNGUARDED_AVAILABILITY = YES_AGGRESSIVE;
				CLANG_WARN_UNREACHABLE_CODE = YES;
				CLANG_WARN__DUPLICATE_METHOD_MATCH = YES;
				CODE_SIGN_IDENTITY = "iPhone Developer";
				COPY_PHASE_STRIP = NO;
				DEBUG_INFORMATION_FORMAT = "dwarf-with-dsym";
				ENABLE_NS_ASSERTIONS = NO;
				ENABLE_STRICT_OBJC_MSGSEND = YES;
				GCC_C_LANGUAGE_STANDARD = gnu11;
				GCC_NO_COMMON_BLOCKS = YES;
				GCC_WARN_64_TO_32_BIT_CONVERSION = YES;
				GCC_WARN_ABOUT_RETURN_TYPE = YES_ERROR;
				GCC_WARN_UNDECLARED_SELECTOR = YES;
				GCC_WARN_UNINITIALIZED_AUTOS = YES_AGGRESSIVE;
				GCC_WARN_UNUSED_FUNCTION = YES;
				GCC_WARN_UNUSED_VARIABLE = YES;
				IPHONEOS_DEPLOYMENT_TARGET = 12.1;
				MTL_ENABLE_DEBUG_INFO = NO;
				MTL_FAST_MATH = YES;
				SDKROOT = iphoneos;
				SWIFT_COMPILATION_MODE = wholemodule;
				SWIFT_OPTIMIZATION_LEVEL = "-O";
				VALIDATE_PRODUCT = YES;
			};
			name = Release;
		};
		F88ADA8522729047007595CD /* Debug */ = {
			isa = XCBuildConfiguration;
			baseConfigurationReference = 2EB1FCCB665DDFC988F8A360 /* Pods-SmartPlantsApp.debug.xcconfig */;
			buildSettings = {
				ASSETCATALOG_COMPILER_APPICON_NAME = AppIcon;
				CODE_SIGN_STYLE = Automatic;
				DEVELOPMENT_TEAM = Q6N8V32LHK;
				INFOPLIST_FILE = SmartPlantsApp/Info.plist;
				LD_RUNPATH_SEARCH_PATHS = (
					"$(inherited)",
					"@executable_path/Frameworks",
				);
				PRODUCT_BUNDLE_IDENTIFIER = com.tech.SmartPlantsApp;
				PRODUCT_NAME = "$(TARGET_NAME)";
				SWIFT_VERSION = 4.2;
				TARGETED_DEVICE_FAMILY = "1,2";
			};
			name = Debug;
		};
		F88ADA8622729047007595CD /* Release */ = {
			isa = XCBuildConfiguration;
			baseConfigurationReference = 8C11D0C38985083D3B6DF872 /* Pods-SmartPlantsApp.release.xcconfig */;
			buildSettings = {
				ASSETCATALOG_COMPILER_APPICON_NAME = AppIcon;
				CODE_SIGN_STYLE = Automatic;
				DEVELOPMENT_TEAM = Q6N8V32LHK;
				INFOPLIST_FILE = SmartPlantsApp/Info.plist;
				LD_RUNPATH_SEARCH_PATHS = (
					"$(inherited)",
					"@executable_path/Frameworks",
				);
				PRODUCT_BUNDLE_IDENTIFIER = com.tech.SmartPlantsApp;
				PRODUCT_NAME = "$(TARGET_NAME)";
				SWIFT_VERSION = 4.2;
				TARGETED_DEVICE_FAMILY = "1,2";
			};
			name = Release;
		};
/* End XCBuildConfiguration section */

/* Begin XCConfigurationList section */
		F88ADA6D22729045007595CD /* Build configuration list for PBXProject "SmartPlantsApp" */ = {
			isa = XCConfigurationList;
			buildConfigurations = (
				F88ADA8222729047007595CD /* Debug */,
				F88ADA8322729047007595CD /* Release */,
			);
			defaultConfigurationIsVisible = 0;
			defaultConfigurationName = Release;
		};
		F88ADA8422729047007595CD /* Build configuration list for PBXNativeTarget "SmartPlantsApp" */ = {
			isa = XCConfigurationList;
			buildConfigurations = (
				F88ADA8522729047007595CD /* Debug */,
				F88ADA8622729047007595CD /* Release */,
			);
			defaultConfigurationIsVisible = 0;
			defaultConfigurationName = Release;
		};
/* End XCConfigurationList section */
	};
	rootObject = F88ADA6A22729045007595CD /* Project object */;
}
